{
  "version": 4,
  "terraform_version": "1.13.1",
  "serial": 15,
  "lineage": "9e959afb-effc-1eee-605d-6ac11968a7cb",
  "outputs": {},
  "resources": [
    {
      "mode": "managed",
      "type": "local_file",
      "name": "pet_file",
      "provider": "provider[\"registry.terraform.io/hashicorp/local\"]",
      "instances": [
        {
          "schema_version": 0,
          "attributes": {
            "content": "Twoje zwierzątko na dziś to: stirring-dodo",
            "content_base64": null,
            "content_base64sha256": "dkdhuFfdPRP4ggB23vOzMScR46fy2uU+u1btIjA+FNE=",
            "content_base64sha512": "QjSmuNyv7YKZe6BwiENl93DR7/tPhc7n37bdCwSO0kz9kiFhzGwgwWF67WyHAEefKtPls/0tCyMBMJLpPkQrAw==",
            "content_md5": "a2f5e5c6892a0ea9a89107be6a20e124",
            "content_sha1": "68004696af47b5fb1ec1c21864c152bd88b255f6",
            "content_sha256": "764761b857dd3d13f8820076def3b3312711e3a7f2dae53ebb56ed22303e14d1",
            "content_sha512": "4234a6b8dcafed82997ba070884365f770d1effb4f85cee7dfb6dd0b048ed24cfd922161cc6c20c1617aed6c8700479f2ad3e5b3fd2d0b23013092e93e442b03",
            "directory_permission": "0777",
            "file_permission": "0777",
            "filename": "./pet.txt",
            "id": "68004696af47b5fb1ec1c21864c152bd88b255f6",
            "sensitive_content": null,
            "source": null
          },
          "sensitive_attributes": [
            [
              {
                "type": "get_attr",
                "value": "sensitive_content"
              }
            ]
          ],
          "identity_schema_version": 0,
          "dependencies": [
            "random_pet.pet"
          ]
        }
      ]
    },
    {
      "mode": "managed",
      "type": "random_pet",
      "name": "pet",
      "provider": "provider[\"registry.terraform.io/hashicorp/random\"]",
      "instances": [
        {
          "schema_version": 0,
          "attributes": {
            "id": "stirring-dodo",
            "keepers": null,
            "length": 2,
            "prefix": null,
            "separator": "-"
          },
          "sensitive_attributes": [],
          "identity_schema_version": 0
        }
      ]
    }
  ],
  "check_results": null
}
