{
  "version": 4,
  "terraform_version": "1.13.1",
  "serial": 30,
  "lineage": "4c3f2077-3917-11a1-dd0c-abc6ff3e99ff",
  "outputs": {},
  "resources": [
    {
      "mode": "managed",
      "type": "local_file",
      "name": "files",
      "provider": "provider[\"registry.terraform.io/hashicorp/local\"]",
      "instances": [
        {
          "index_key": 0,
          "schema_version": 0,
          "attributes": {
            "content": "To jest plik numer 0",
            "content_base64": null,
            "content_base64sha256": "mNdrfdYz00J04DQWCIkzhDCrq9GuTz+Sf+q0KBucOUk=",
            "content_base64sha512": "eazrnUQhSdlsvPnsLK4NWRDgt/FHopfBlhJBRPfTdSprGIOSI9f6a6sv+2x1ClwDRF0xmpXZ5JcBzEvzviWUMQ==",
            "content_md5": "c5fdf6016ea110f347b3176677946a5f",
            "content_sha1": "8fa8ad6d265a9ace87ea946fc9225c51f6dc9a20",
            "content_sha256": "98d76b7dd633d34274e034160889338430ababd1ae4f3f927feab4281b9c3949",
            "content_sha512": "79aceb9d442149d96cbcf9ec2cae0d5910e0b7f147a297c196124144f7d3752a6b18839223d7fa6bab2ffb6c750a5c03445d319a95d9e49701cc4bf3be259431",
            "directory_permission": "0777",
            "file_permission": "0777",
            "filename": "./plik_0.txt",
            "id": "8fa8ad6d265a9ace87ea946fc9225c51f6dc9a20",
            "sensitive_content": null,
            "source": null
          },
          "sensitive_attributes": [
            [
              {
                "type": "get_attr",
                "value": "sensitive_content"
              }
            ]
          ],
          "identity_schema_version": 0
        },
        {
          "index_key": 1,
          "schema_version": 0,
          "attributes": {
            "content": "To jest plik numer 1",
            "content_base64": null,
            "content_base64sha256": "tMD00ay3MOaK20c/KtK9qGXZuFMEB6h2AKFW96r0RxU=",
            "content_base64sha512": "AczLn/ntiz72IhBCtpzm2OWGgXe1uQ7baneIW4UbPt1SsY7wfE8HgB5YPkoeeW0u2v+skk28Gp+iDKq3XPZsFg==",
            "content_md5": "29549094f9a519f6d34ee4d16bb97aa1",
            "content_sha1": "0364090deb746c83ed1ca91f6fb8d3ade8646e3d",
            "content_sha256": "b4c0f4d1acb730e68adb473f2ad2bda865d9b8530407a87600a156f7aaf44715",
            "content_sha512": "01cccb9ff9ed8b3ef6221042b69ce6d8e5868177b5b90edb6a77885b851b3edd52b18ef07c4f07801e583e4a1e796d2edaffac924dbc1a9fa20caab75cf66c16",
            "directory_permission": "0777",
            "file_permission": "0777",
            "filename": "./plik_1.txt",
            "id": "0364090deb746c83ed1ca91f6fb8d3ade8646e3d",
            "sensitive_content": null,
            "source": null
          },
          "sensitive_attributes": [
            [
              {
                "type": "get_attr",
                "value": "sensitive_content"
              }
            ]
          ],
          "identity_schema_version": 0
        },
        {
          "index_key": 2,
          "schema_version": 0,
          "attributes": {
            "content": "To jest plik numer 2",
            "content_base64": null,
            "content_base64sha256": "wmoI3yELRycZobcqkILt3fVUhpYtM56PjKgWE6WRvT0=",
            "content_base64sha512": "nCcqj0ysaiVgfQS73ZHrkPTDe5pkc5HOZVbo7KozBkHyVtyZw172gPLKStlIXLZw6XBvoGvnJGEHwzzArwpsAA==",
            "content_md5": "6f32e3241e6233041aea787186d4dfdf",
            "content_sha1": "bc85eace747dae6bdf5483cae593b8eb4d8554c1",
            "content_sha256": "c26a08df210b472719a1b72a9082edddf55486962d339e8f8ca81613a591bd3d",
            "content_sha512": "9c272a8f4cac6a25607d04bbdd91eb90f4c37b9a647391ce6556e8ecaa330641f256dc99c35ef680f2ca4ad9485cb670e9706fa06be7246107c33cc0af0a6c00",
            "directory_permission": "0777",
            "file_permission": "0777",
            "filename": "./plik_2.txt",
            "id": "bc85eace747dae6bdf5483cae593b8eb4d8554c1",
            "sensitive_content": null,
            "source": null
          },
          "sensitive_attributes": [
            [
              {
                "type": "get_attr",
                "value": "sensitive_content"
              }
            ]
          ],
          "identity_schema_version": 0
        },
        {
          "index_key": 3,
          "schema_version": 0,
          "attributes": {
            "content": "To jest plik numer 3",
            "content_base64": null,
            "content_base64sha256": "z6t7WNZ6LE8rUlDJjjEMTtv7HKo3TkqvKmV5BHOO9wU=",
            "content_base64sha512": "SirsGbW9P26+1qJ9yTOIQor+8ZJcEMZy//83793P8h+SGVK5SHST1OlYnZA6LcpLfOe1MC+s+qG1J71XmS2d+w==",
            "content_md5": "5a40453fa67195deae609d36068ea19e",
            "content_sha1": "23dd91e7e7917cbee40d982d12e374598613caad",
            "content_sha256": "cfab7b58d67a2c4f2b5250c98e310c4edbfb1caa374e4aaf2a657904738ef705",
            "content_sha512": "4a2aec19b5bd3f6ebed6a27dc93388428afef1925c10c672ffff37efddcff21f921952b9487493d4e9589d903a2dca4b7ce7b5302facfaa1b527bd57992d9dfb",
            "directory_permission": "0777",
            "file_permission": "0777",
            "filename": "./plik_3.txt",
            "id": "23dd91e7e7917cbee40d982d12e374598613caad",
            "sensitive_content": null,
            "source": null
          },
          "sensitive_attributes": [
            [
              {
                "type": "get_attr",
                "value": "sensitive_content"
              }
            ]
          ],
          "identity_schema_version": 0
        },
        {
          "index_key": 4,
          "schema_version": 0,
          "attributes": {
            "content": "To jest plik numer 4",
            "content_base64": null,
            "content_base64sha256": "m50iBCtr61uI1Bfuh9GDjXsYbsJxtINjxYlfHH03yPY=",
            "content_base64sha512": "qCDfLkUfqwEo6ilA8ISvq4Ew2T3Tgpt5SJfQKm2kjlEN0opSbLQID3+jDWvEvhutulsCYMdhuzbZ7UlniK1a1g==",
            "content_md5": "a63c73b46968577c4d68dfc1c604a742",
            "content_sha1": "48d2ec5076aac043c24491c8c5ba68f14d910a74",
            "content_sha256": "9b9d22042b6beb5b88d417ee87d1838d7b186ec271b48363c5895f1c7d37c8f6",
            "content_sha512": "a820df2e451fab0128ea2940f084afab8130d93dd3829b794897d02a6da48e510dd28a526cb4080f7fa30d6bc4be1badba5b0260c761bb36d9ed496788ad5ad6",
            "directory_permission": "0777",
            "file_permission": "0777",
            "filename": "./plik_4.txt",
            "id": "48d2ec5076aac043c24491c8c5ba68f14d910a74",
            "sensitive_content": null,
            "source": null
          },
          "sensitive_attributes": [
            [
              {
                "type": "get_attr",
                "value": "sensitive_content"
              }
            ]
          ],
          "identity_schema_version": 0
        },
        {
          "index_key": 5,
          "schema_version": 0,
          "attributes": {
            "content": "To jest plik numer 5",
            "content_base64": null,
            "content_base64sha256": "8wVRYHoYa4zGwIR1DRPMBB8h2bYuqzO8FD+3TaDQfb0=",
            "content_base64sha512": "gWak0Q3nvAyv1D7pR3q+Ul5/yn8LPhd7idwdNoB/4TMYLd3GnKsSB7JzbjivbJp5Yw30R9iCGTHzYk8XUE1GSQ==",
            "content_md5": "667868357c887889fc018a2e0ad96b27",
            "content_sha1": "6481e4302ac5005a7e02d1de24ba3b97fcec1865",
            "content_sha256": "f30551607a186b8cc6c084750d13cc041f21d9b62eab33bc143fb74da0d07dbd",
            "content_sha512": "8166a4d10de7bc0cafd43ee9477abe525e7fca7f0b3e177b89dc1d36807fe133182dddc69cab1207b2736e38af6c9a79630df447d8821931f3624f17504d4649",
            "directory_permission": "0777",
            "file_permission": "0777",
            "filename": "./plik_5.txt",
            "id": "6481e4302ac5005a7e02d1de24ba3b97fcec1865",
            "sensitive_content": null,
            "source": null
          },
          "sensitive_attributes": [
            [
              {
                "type": "get_attr",
                "value": "sensitive_content"
              }
            ]
          ],
          "identity_schema_version": 0
        },
        {
          "index_key": 6,
          "schema_version": 0,
          "attributes": {
            "content": "To jest plik numer 6",
            "content_base64": null,
            "content_base64sha256": "X2JncaRuvZmcZJzyYYyUAyvfQwLV7O1UrHimNhyCR3Y=",
            "content_base64sha512": "VULgeqUgZHIfHDI0hn1WF/HG5nnzXjKcYfPMOoGjV800u7w85wH1DqxF90/WWDOEg/psOKXrcLJL6gfHlTE32w==",
            "content_md5": "0d6e477e49759373790e620f21efbd51",
            "content_sha1": "362588005bc4df50bcd6d018ac0f590165d4f7c9",
            "content_sha256": "5f626771a46ebd999c649cf2618c94032bdf4302d5eced54ac78a6361c824776",
            "content_sha512": "5542e07aa52064721f1c3234867d5617f1c6e679f35e329c61f3cc3a81a357cd34bbbc3ce701f50eac45f74fd658338483fa6c38a5eb70b24bea07c7953137db",
            "directory_permission": "0777",
            "file_permission": "0777",
            "filename": "./plik_6.txt",
            "id": "362588005bc4df50bcd6d018ac0f590165d4f7c9",
            "sensitive_content": null,
            "source": null
          },
          "sensitive_attributes": [
            [
              {
                "type": "get_attr",
                "value": "sensitive_content"
              }
            ]
          ],
          "identity_schema_version": 0
        },
        {
          "index_key": 7,
          "schema_version": 0,
          "attributes": {
            "content": "To jest plik numer 7",
            "content_base64": null,
            "content_base64sha256": "WKc7F1lBjJBpAYC4Z+AIxoMiSykTvVa/I0Itf+tpBlY=",
            "content_base64sha512": "bqBnzJ8JRc1s4475s4SiI5SQgigJ/PtQlMBMZCLCkwjMRVBXBp7+ub543U0bcQbq2lbv2gHGa4hDhjexmm9J8g==",
            "content_md5": "362eecb1aa6186e0d166d85e4c313550",
            "content_sha1": "c45b6456a396916badf33d6ccc31cd364752c17d",
            "content_sha256": "58a73b1759418c90690180b867e008c683224b2913bd56bf23422d7feb690656",
            "content_sha512": "6ea067cc9f0945cd6ce38ef9b384a2239490822809fcfb5094c04c6422c29308cc455057069efeb9be78dd4d1b7106eada56efda01c66b88438637b19a6f49f2",
            "directory_permission": "0777",
            "file_permission": "0777",
            "filename": "./plik_7.txt",
            "id": "c45b6456a396916badf33d6ccc31cd364752c17d",
            "sensitive_content": null,
            "source": null
          },
          "sensitive_attributes": [
            [
              {
                "type": "get_attr",
                "value": "sensitive_content"
              }
            ]
          ],
          "identity_schema_version": 0
        },
        {
          "index_key": 8,
          "schema_version": 0,
          "attributes": {
            "content": "To jest plik numer 8",
            "content_base64": null,
            "content_base64sha256": "RmH2WVYgFk8yQ4jBFWKdPCF+qYGvFRLDM9k+j8Tmwu0=",
            "content_base64sha512": "dKMO3hqAlZo0NF7z+rHVxPFybDnfPoPexrExH55xqSp7WUVo1zu4IVA1ZJtqQGY4FLWkM4Uy5lmnNsHAwcAxiQ==",
            "content_md5": "5bc0174b22bcd4fda7c71c734c96399e",
            "content_sha1": "f151fd3bc2fd81ec931d21b44b1e74528475f045",
            "content_sha256": "4661f6595620164f324388c115629d3c217ea981af1512c333d93e8fc4e6c2ed",
            "content_sha512": "74a30ede1a80959a34345ef3fab1d5c4f1726c39df3e83dec6b1311f9e71a92a7b594568d73bb8215035649b6a40663814b5a4338532e659a736c1c0c1c03189",
            "directory_permission": "0777",
            "file_permission": "0777",
            "filename": "./plik_8.txt",
            "id": "f151fd3bc2fd81ec931d21b44b1e74528475f045",
            "sensitive_content": null,
            "source": null
          },
          "sensitive_attributes": [
            [
              {
                "type": "get_attr",
                "value": "sensitive_content"
              }
            ]
          ],
          "identity_schema_version": 0
        }
      ]
    }
  ],
  "check_results": null
}
