{
  "version": 4,
  "terraform_version": "1.13.1",
  "serial": 1,
  "lineage": "6e1bfa9e-bb91-a4c4-7bc5-c93ed16400b9",
  "outputs": {},
  "resources": [
    {
      "mode": "managed",
      "type": "local_file",
      "name": "hello",
      "provider": "provider[\"registry.terraform.io/hashicorp/local\"]",
      "instances": [
        {
          "schema_version": 0,
          "attributes": {
            "content": "Witaj w Terraform!",
            "content_base64": null,
            "content_base64sha256": "9RrReuzx4DiBP9wQuGyJDCoe5mAkSDJU/X+nwoGHPGk=",
            "content_base64sha512": "yD6427nor7H/QuENh9UUyx7DxJGoU5+XtdQrt5KYRBO5HsV5uFPVF4oG4eIuwGoLv1pjbw1is4KP54wvzrUGgw==",
            "content_md5": "62b8b9f0d873e0c99cf02eb61c7f7ccd",
            "content_sha1": "6f115414e60bdb939d7df033b77138391593b002",
            "content_sha256": "f51ad17aecf1e038813fdc10b86c890c2a1ee66024483254fd7fa7c281873c69",
            "content_sha512": "c83eb8dbb9e8afb1ff42e10d87d514cb1ec3c491a8539f97b5d42bb792984413b91ec579b853d5178a06e1e22ec06a0bbf5a636f0d62b3828fe78c2fceb50683",
            "directory_permission": "0777",
            "file_permission": "0777",
            "filename": "./hello.txt",
            "id": "6f115414e60bdb939d7df033b77138391593b002",
            "sensitive_content": null,
            "source": null
          },
          "sensitive_attributes": [
            [
              {
                "type": "get_attr",
                "value": "sensitive_content"
              }
            ]
          ],
          "identity_schema_version": 0
        }
      ]
    }
  ],
  "check_results": null
}
